
Microsoft Visual Studio Solution File, Format Version 12.00
# Visual Studio Version 17
VisualStudioVersion = 17.7.34024.191
MinimumVisualStudioVersion = 10.0.40219.1
Project("{FAE04EC0-301F-11D3-BF4B-00C04F79EFBC}") = "PotatoSoup", "PotatoSoup.csproj", "{E93DE23C-5226-407E-A7F1-4376C6CF989B}"
EndProject
Global
	GlobalSection(SolutionConfigurationPlatforms) = preSolution
		Debug|Any CPU = Debug|Any CPU
		Release|Any CPU = Release|Any CPU
	EndGlobalSection
	GlobalSection(ProjectConfigurationPlatforms) = postSolution
		{E93DE23C-5226-407E-A7F1-4376C6CF989B}.Debug|Any CPU.ActiveCfg = Debug|Any CPU
		{E93DE23C-5226-407E-A7F1-4376C6CF989B}.Debug|Any CPU.Build.0 = Debug|Any CPU
		{E93DE23C-5226-407E-A7F1-4376C6CF989B}.Release|Any CPU.ActiveCfg = Release|Any CPU
		{E93DE23C-5226-407E-A7F1-4376C6CF989B}.Release|Any CPU.Build.0 = Release|Any CPU
	EndGlobalSection
	GlobalSection(SolutionProperties) = preSolution
		HideSolutionNode = FALSE
	EndGlobalSection
	GlobalSection(ExtensibilityGlobals) = postSolution
		SolutionGuid = {5AA3FA0B-0FF7-4BC1-873F-4D516BF229F1}
	EndGlobalSection
EndGlobal
